// !$*UTF8*$!
{
	archiveVersion = 1;
	classes = {
	};
	objectVersion = 46;
	objects = {

/* Begin PBXBuildFile section */
		357C2CF71FE7B9EE00FFDAA0 /* main.swift in Sources */ = {isa = PBXBuildFile; fileRef = 357C2CF61FE7B9EE00FFDAA0 /* main.swift */; };
		357C2CFE1FE7BA1E00FFDAA0 /* SortTextHelper.swift in Sources */ = {isa = PBXBuildFile; fileRef = 357C2CFD1FE7BA1E00FFDAA0 /* SortTextHelper.swift */; };
/* End PBXBuildFile section */

/* Begin PBXCopyFilesBuildPhase section */
		357C2CF11FE7B9EE00FFDAA0 /* CopyFiles */ = {
			isa = PBXCopyFilesBuildPhase;
			buildActionMask = 2147483647;
			dstPath = /usr/share/man/man1/;
			dstSubfolderSpec = 0;
			files = (
			);
			runOnlyForDeploymentPostprocessing = 1;
		};
/* End PBXCopyFilesBuildPhase section */

/* Begin PBXFileReference section */
		357C2CF31FE7B9EE00FFDAA0 /* arithmetic */ = {isa = PBXFileReference; explicitFileType = "compiled.mach-o.executable"; includeInIndex = 0; path = arithmetic; sourceTree = BUILT_PRODUCTS_DIR; };
		357C2CF61FE7B9EE00FFDAA0 /* main.swift */ = {isa = PBXFileReference; lastKnownFileType = sourcecode.swift; path = main.swift; sourceTree = "<group>"; };
		357C2CFD1FE7BA1E00FFDAA0 /* SortTextHelper.swift */ = {isa = PBXFileReference; fileEncoding = 4; lastKnownFileType = sourcecode.swift; path = SortTextHelper.swift; sourceTree = "<group>"; };
/* End PBXFileReference section */

/* Begin PBXFrameworksBuildPhase section */
		357C2CF01FE7B9EE00FFDAA0 /* Frameworks */ = {
			isa = PBXFrameworksBuildPhase;
			buildActionMask = 2147483647;
			files = (
			);
			runOnlyForDeploymentPostprocessing = 0;
		};
/* End PBXFrameworksBuildPhase section */

/* Begin PBXGroup section */
		357C2CEA1FE7B9EE00FFDAA0 = {
			isa = PBXGroup;
			children = (
				357C2CF51FE7B9EE00FFDAA0 /* arithmetic */,
				357C2CF41FE7B9EE00FFDAA0 /* Products */,
			);
			sourceTree = "<group>";
		};
		357C2CF41FE7B9EE00FFDAA0 /* Products */ = {
			isa = PBXGroup;
			children = (
				357C2CF31FE7B9EE00FFDAA0 /* arithmetic */,
			);
			name = Products;
			sourceTree = "<group>";
		};
		357C2CF51FE7B9EE00FFDAA0 /* arithmetic */ = {
			isa = PBXGroup;
			children = (
				357C2CF61FE7B9EE00FFDAA0 /* main.swift */,
				357C2CFD1FE7BA1E00FFDAA0 /* SortTextHelper.swift */,
			);
			path = arithmetic;
			sourceTree = "<group>";
		};
/* End PBXGroup section */

/* Begin PBXNativeTarget section */
		357C2CF21FE7B9EE00FFDAA0 /* arithmetic */ = {
			isa = PBXNativeTarget;
			buildConfigurationList = 357C2CFA1FE7B9EE00FFDAA0 /* Build configuration list for PBXNativeTarget "arithmetic" */;
			buildPhases = (
				357C2CEF1FE7B9EE00FFDAA0 /* Sources */,
				357C2CF01FE7B9EE00FFDAA0 /* Frameworks */,
				357C2CF11FE7B9EE00FFDAA0 /* CopyFiles */,
			);
			buildRules = (
			);
			dependencies = (
			);
			name = arithmetic;
			productName = arithmetic;
			productReference = 357C2CF31FE7B9EE00FFDAA0 /* arithmetic */;
			productType = "com.apple.product-type.tool";
		};
/* End PBXNativeTarget section */

/* Begin PBXProject section */
		357C2CEB1FE7B9EE00FFDAA0 /* Project object */ = {
			isa = PBXProject;
			attributes = {
				LastSwiftUpdateCheck = 0830;
				LastUpgradeCheck = 0830;
				ORGANIZATIONNAME = "我是五高你敢信";
				TargetAttributes = {
					357C2CF21FE7B9EE00FFDAA0 = {
						CreatedOnToolsVersion = 8.3.3;
						DevelopmentTeam = VP672269SN;
						ProvisioningStyle = Automatic;
					};
				};
			};
			buildConfigurationList = 357C2CEE1FE7B9EE00FFDAA0 /* Build configuration list for PBXProject "arithmetic" */;
			compatibilityVersion = "Xcode 3.2";
			developmentRegion = English;
			hasScannedForEncodings = 0;
			knownRegions = (
				en,
			);
			mainGroup = 357C2CEA1FE7B9EE00FFDAA0;
			productRefGroup = 357C2CF41FE7B9EE00FFDAA0 /* Products */;
			projectDirPath = "";
			projectRoot = "";
			targets = (
				357C2CF21FE7B9EE00FFDAA0 /* arithmetic */,
			);
		};
/* End PBXProject section */

/* Begin PBXSourcesBuildPhase section */
		357C2CEF1FE7B9EE00FFDAA0 /* Sources */ = {
			isa = PBXSourcesBuildPhase;
			buildActionMask = 2147483647;
			files = (
				357C2CFE1FE7BA1E00FFDAA0 /* SortTextHelper.swift in Sources */,
				357C2CF71FE7B9EE00FFDAA0 /* main.swift in Sources */,
			);
			runOnlyForDeploymentPostprocessing = 0;
		};
/* End PBXSourcesBuildPhase section */

/* Begin XCBuildConfiguration section */
		357C2CF81FE7B9EE00FFDAA0 /* Debug */ = {
			isa = XCBuildConfiguration;
			buildSettings = {
				ALWAYS_SEARCH_USER_PATHS = NO;
				CLANG_ANALYZER_NONNULL = YES;
				CLANG_ANALYZER_NUMBER_OBJECT_CONVERSION = YES_AGGRESSIVE;
				CLANG_CXX_LANGUAGE_STANDARD = "gnu++0x";
				CLANG_CXX_LIBRARY = "libc++";
				CLANG_ENABLE_MODULES = YES;
				CLANG_ENABLE_OBJC_ARC = YES;
				CLANG_WARN_BOOL_CONVERSION = YES;
				CLANG_WARN_CONSTANT_CONVERSION = YES;
				CLANG_WARN_DIRECT_OBJC_ISA_USAGE = YES_ERROR;
				CLANG_WARN_DOCUMENTATION_COMMENTS = YES;
				CLANG_WARN_EMPTY_BODY = YES;
				CLANG_WARN_ENUM_CONVERSION = YES;
				CLANG_WARN_INFINITE_RECURSION = YES;
				CLANG_WARN_INT_CONVERSION = YES;
				CLANG_WARN_OBJC_ROOT_CLASS = YES_ERROR;
				CLANG_WARN_SUSPICIOUS_MOVE = YES;
				CLANG_WARN_UNREACHABLE_CODE = YES;
				CLANG_WARN__DUPLICATE_METHOD_MATCH = YES;
				CODE_SIGN_IDENTITY = "-";
				COPY_PHASE_STRIP = NO;
				DEBUG_INFORMATION_FORMAT = dwarf;
				ENABLE_STRICT_OBJC_MSGSEND = YES;
				ENABLE_TESTABILITY = YES;
				GCC_C_LANGUAGE_STANDARD = gnu99;
				GCC_DYNAMIC_NO_PIC = NO;
				GCC_NO_COMMON_BLOCKS = YES;
				GCC_OPTIMIZATION_LEVEL = 0;
				GCC_PREPROCESSOR_DEFINITIONS = (
					"DEBUG=1",
					"$(inherited)",
				);
				GCC_WARN_64_TO_32_BIT_CONVERSION = YES;
				GCC_WARN_ABOUT_RETURN_TYPE = YES_ERROR;
				GCC_WARN_UNDECLARED_SELECTOR = YES;
				GCC_WARN_UNINITIALIZED_AUTOS = YES_AGGRESSIVE;
				GCC_WARN_UNUSED_FUNCTION = YES;
				GCC_WARN_UNUSED_VARIABLE = YES;
				MACOSX_DEPLOYMENT_TARGET = 10.13;
				MTL_ENABLE_DEBUG_INFO = YES;
				ONLY_ACTIVE_ARCH = YES;
				SDKROOT = macosx;
				SWIFT_OPTIMIZATION_LEVEL = "-Onone";
			};
			name = Debug;
		};
		357C2CF91FE7B9EE00FFDAA0 /* Release */ = {
			isa = XCBuildConfiguration;
			buildSettings = {
				ALWAYS_SEARCH_USER_PATHS = NO;
				CLANG_ANALYZER_NONNULL = YES;
				CLANG_ANALYZER_NUMBER_OBJECT_CONVERSION = YES_AGGRESSIVE;
				CLANG_CXX_LANGUAGE_STANDARD = "gnu++0x";
				CLANG_CXX_LIBRARY = "libc++";
				CLANG_ENABLE_MODULES = YES;
				CLANG_ENABLE_OBJC_ARC = YES;
				CLANG_WARN_BOOL_CONVERSION = YES;
				CLANG_WARN_CONSTANT_CONVERSION = YES;
				CLANG_WARN_DIRECT_OBJC_ISA_USAGE = YES_ERROR;
				CLANG_WARN_DOCUMENTATION_COMMENTS = YES;
				CLANG_WARN_EMPTY_BODY = YES;
				CLANG_WARN_ENUM_CONVERSION = YES;
				CLANG_WARN_INFINITE_RECURSION = YES;
				CLANG_WARN_INT_CONVERSION = YES;
				CLANG_WARN_OBJC_ROOT_CLASS = YES_ERROR;
				CLANG_WARN_SUSPICIOUS_MOVE = YES;
				CLANG_WARN_UNREACHABLE_CODE = YES;
				CLANG_WARN__DUPLICATE_METHOD_MATCH = YES;
				CODE_SIGN_IDENTITY = "-";
				COPY_PHASE_STRIP = NO;
				DEBUG_INFORMATION_FORMAT = "dwarf-with-dsym";
				ENABLE_NS_ASSERTIONS = NO;
				ENABLE_STRICT_OBJC_MSGSEND = YES;
				GCC_C_LANGUAGE_STANDARD = gnu99;
				GCC_NO_COMMON_BLOCKS = YES;
				GCC_WARN_64_TO_32_BIT_CONVERSION = YES;
				GCC_WARN_ABOUT_RETURN_TYPE = YES_ERROR;
				GCC_WARN_UNDECLARED_SELECTOR = YES;
				GCC_WARN_UNINITIALIZED_AUTOS = YES_AGGRESSIVE;
				GCC_WARN_UNUSED_FUNCTION = YES;
				GCC_WARN_UNUSED_VARIABLE = YES;
				MACOSX_DEPLOYMENT_TARGET = 10.13;
				MTL_ENABLE_DEBUG_INFO = NO;
				SDKROOT = macosx;
			};
			name = Release;
		};
		357C2CFB1FE7B9EE00FFDAA0 /* Debug */ = {
			isa = XCBuildConfiguration;
			buildSettings = {
				DEVELOPMENT_TEAM = VP672269SN;
				PRODUCT_NAME = "$(TARGET_NAME)";
				SWIFT_VERSION = 3.0;
			};
			name = Debug;
		};
		357C2CFC1FE7B9EE00FFDAA0 /* Release */ = {
			isa = XCBuildConfiguration;
			buildSettings = {
				DEVELOPMENT_TEAM = VP672269SN;
				PRODUCT_NAME = "$(TARGET_NAME)";
				SWIFT_VERSION = 3.0;
			};
			name = Release;
		};
/* End XCBuildConfiguration section */

/* Begin XCConfigurationList section */
		357C2CEE1FE7B9EE00FFDAA0 /* Build configuration list for PBXProject "arithmetic" */ = {
			isa = XCConfigurationList;
			buildConfigurations = (
				357C2CF81FE7B9EE00FFDAA0 /* Debug */,
				357C2CF91FE7B9EE00FFDAA0 /* Release */,
			);
			defaultConfigurationIsVisible = 0;
			defaultConfigurationName = Release;
		};
		357C2CFA1FE7B9EE00FFDAA0 /* Build configuration list for PBXNativeTarget "arithmetic" */ = {
			isa = XCConfigurationList;
			buildConfigurations = (
				357C2CFB1FE7B9EE00FFDAA0 /* Debug */,
				357C2CFC1FE7B9EE00FFDAA0 /* Release */,
			);
			defaultConfigurationIsVisible = 0;
		};
/* End XCConfigurationList section */
	};
	rootObject = 357C2CEB1FE7B9EE00FFDAA0 /* Project object */;
}
